
Microsoft Visual Studio Solution File, Format Version 12.00
# Visual Studio Version 16
VisualStudioVersion = 16.6.30114.105
MinimumVisualStudioVersion = 10.0.40219.1
Project("{9A19103F-16F7-4668-BE54-9A1E7A4F7556}") = "Javsdt.API", "Javsdt.API\Javsdt.API.csproj", "{1804ABA6-7889-4EC0-8946-A2380F9EAB71}"
EndProject
Project("{9A19103F-16F7-4668-BE54-9A1E7A4F7556}") = "Javsdt.Shared", "Javsdt.Shared\Javsdt.Shared.csproj", "{44BF0A80-4EB8-49AB-8CB4-CDA7530504D3}"
EndProject
Project("{9A19103F-16F7-4668-BE54-9A1E7A4F7556}") = "Javsdt.SQL", "Javsdt.SQL\Javsdt.SQL.csproj", "{97175C7C-66A5-4069-B58B-AC61FCE5B1D8}"
EndProject
Global
	GlobalSection(SolutionConfigurationPlatforms) = preSolution
		Debug|Any CPU = Debug|Any CPU
		Debug|x64 = Debug|x64
		Debug|x86 = Debug|x86
		Release|Any CPU = Release|Any CPU
		Release|x64 = Release|x64
		Release|x86 = Release|x86
	EndGlobalSection
	GlobalSection(ProjectConfigurationPlatforms) = postSolution
		{1804ABA6-7889-4EC0-8946-A2380F9EAB71}.Debug|Any CPU.ActiveCfg = Debug|Any CPU
		{1804ABA6-7889-4EC0-8946-A2380F9EAB71}.Debug|Any CPU.Build.0 = Debug|Any CPU
		{1804ABA6-7889-4EC0-8946-A2380F9EAB71}.Debug|x64.ActiveCfg = Debug|Any CPU
		{1804ABA6-7889-4EC0-8946-A2380F9EAB71}.Debug|x64.Build.0 = Debug|Any CPU
		{1804ABA6-7889-4EC0-8946-A2380F9EAB71}.Debug|x86.ActiveCfg = Debug|Any CPU
		{1804ABA6-7889-4EC0-8946-A2380F9EAB71}.Debug|x86.Build.0 = Debug|Any CPU
		{1804ABA6-7889-4EC0-8946-A2380F9EAB71}.Release|Any CPU.ActiveCfg = Release|Any CPU
		{1804ABA6-7889-4EC0-8946-A2380F9EAB71}.Release|Any CPU.Build.0 = Release|Any CPU
		{1804ABA6-7889-4EC0-8946-A2380F9EAB71}.Release|x64.ActiveCfg = Release|Any CPU
		{1804ABA6-7889-4EC0-8946-A2380F9EAB71}.Release|x64.Build.0 = Release|Any CPU
		{1804ABA6-7889-4EC0-8946-A2380F9EAB71}.Release|x86.ActiveCfg = Release|Any CPU
		{1804ABA6-7889-4EC0-8946-A2380F9EAB71}.Release|x86.Build.0 = Release|Any CPU
		{44BF0A80-4EB8-49AB-8CB4-CDA7530504D3}.Debug|Any CPU.ActiveCfg = Debug|Any CPU
		{44BF0A80-4EB8-49AB-8CB4-CDA7530504D3}.Debug|Any CPU.Build.0 = Debug|Any CPU
		{44BF0A80-4EB8-49AB-8CB4-CDA7530504D3}.Debug|x64.ActiveCfg = Debug|Any CPU
		{44BF0A80-4EB8-49AB-8CB4-CDA7530504D3}.Debug|x64.Build.0 = Debug|Any CPU
		{44BF0A80-4EB8-49AB-8CB4-CDA7530504D3}.Debug|x86.ActiveCfg = Debug|Any CPU
		{44BF0A80-4EB8-49AB-8CB4-CDA7530504D3}.Debug|x86.Build.0 = Debug|Any CPU
		{44BF0A80-4EB8-49AB-8CB4-CDA7530504D3}.Release|Any CPU.ActiveCfg = Release|Any CPU
		{44BF0A80-4EB8-49AB-8CB4-CDA7530504D3}.Release|Any CPU.Build.0 = Release|Any CPU
		{44BF0A80-4EB8-49AB-8CB4-CDA7530504D3}.Release|x64.ActiveCfg = Release|Any CPU
		{44BF0A80-4EB8-49AB-8CB4-CDA7530504D3}.Release|x64.Build.0 = Release|Any CPU
		{44BF0A80-4EB8-49AB-8CB4-CDA7530504D3}.Release|x86.ActiveCfg = Release|Any CPU
		{44BF0A80-4EB8-49AB-8CB4-CDA7530504D3}.Release|x86.Build.0 = Release|Any CPU
		{97175C7C-66A5-4069-B58B-AC61FCE5B1D8}.Debug|Any CPU.ActiveCfg = Debug|Any CPU
		{97175C7C-66A5-4069-B58B-AC61FCE5B1D8}.Debug|Any CPU.Build.0 = Debug|Any CPU
		{97175C7C-66A5-4069-B58B-AC61FCE5B1D8}.Debug|x64.ActiveCfg = Debug|Any CPU
		{97175C7C-66A5-4069-B58B-AC61FCE5B1D8}.Debug|x64.Build.0 = Debug|Any CPU
		{97175C7C-66A5-4069-B58B-AC61FCE5B1D8}.Debug|x86.ActiveCfg = Debug|Any CPU
		{97175C7C-66A5-4069-B58B-AC61FCE5B1D8}.Debug|x86.Build.0 = Debug|Any CPU
		{97175C7C-66A5-4069-B58B-AC61FCE5B1D8}.Release|Any CPU.ActiveCfg = Release|Any CPU
		{97175C7C-66A5-4069-B58B-AC61FCE5B1D8}.Release|Any CPU.Build.0 = Release|Any CPU
		{97175C7C-66A5-4069-B58B-AC61FCE5B1D8}.Release|x64.ActiveCfg = Release|Any CPU
		{97175C7C-66A5-4069-B58B-AC61FCE5B1D8}.Release|x64.Build.0 = Release|Any CPU
		{97175C7C-66A5-4069-B58B-AC61FCE5B1D8}.Release|x86.ActiveCfg = Release|Any CPU
		{97175C7C-66A5-4069-B58B-AC61FCE5B1D8}.Release|x86.Build.0 = Release|Any CPU
	EndGlobalSection
	GlobalSection(SolutionProperties) = preSolution
		HideSolutionNode = FALSE
	EndGlobalSection
	GlobalSection(ExtensibilityGlobals) = postSolution
		SolutionGuid = {48F0C718-F12D-48A0-8F3C-28C472A0507D}
	EndGlobalSection
EndGlobal
