
Microsoft Visual Studio Solution File, Format Version 12.00
# Visual Studio Version 16
VisualStudioVersion = 16.0.31410.357
MinimumVisualStudioVersion = 10.0.40219.1
Project("{9A19103F-16F7-4668-BE54-9A1E7A4F7556}") = "Javsdt.WPF", "Javsdt.WPF.csproj", "{D262A61C-72C7-4938-BE7F-A88B96A681FF}"
EndProject
Global
	GlobalSection(SolutionConfigurationPlatforms) = preSolution
		Debug|Any CPU = Debug|Any CPU
		Release|Any CPU = Release|Any CPU
	EndGlobalSection
	GlobalSection(ProjectConfigurationPlatforms) = postSolution
		{D262A61C-72C7-4938-BE7F-A88B96A681FF}.Debug|Any CPU.ActiveCfg = Debug|Any CPU
		{D262A61C-72C7-4938-BE7F-A88B96A681FF}.Debug|Any CPU.Build.0 = Debug|Any CPU
		{D262A61C-72C7-4938-BE7F-A88B96A681FF}.Release|Any CPU.ActiveCfg = Release|Any CPU
		{D262A61C-72C7-4938-BE7F-A88B96A681FF}.Release|Any CPU.Build.0 = Release|Any CPU
	EndGlobalSection
	GlobalSection(SolutionProperties) = preSolution
		HideSolutionNode = FALSE
	EndGlobalSection
	GlobalSection(ExtensibilityGlobals) = postSolution
		SolutionGuid = {3377399E-E419-4FEE-B577-5665CB839DC0}
	EndGlobalSection
EndGlobal
