
Microsoft Visual Studio Solution File, Format Version 12.00
# Visual Studio Version 16
VisualStudioVersion = 16.0.31410.357
MinimumVisualStudioVersion = 10.0.40219.1
Project("{9A19103F-16F7-4668-BE54-9A1E7A4F7556}") = "Javasdt.Collector", "Javasdt.Collector.csproj", "{38F01B30-B241-457F-835F-0FDD232FA925}"
EndProject
Global
	GlobalSection(SolutionConfigurationPlatforms) = preSolution
		Debug|Any CPU = Debug|Any CPU
		Release|Any CPU = Release|Any CPU
	EndGlobalSection
	GlobalSection(ProjectConfigurationPlatforms) = postSolution
		{38F01B30-B241-457F-835F-0FDD232FA925}.Debug|Any CPU.ActiveCfg = Debug|Any CPU
		{38F01B30-B241-457F-835F-0FDD232FA925}.Debug|Any CPU.Build.0 = Debug|Any CPU
		{38F01B30-B241-457F-835F-0FDD232FA925}.Release|Any CPU.ActiveCfg = Release|Any CPU
		{38F01B30-B241-457F-835F-0FDD232FA925}.Release|Any CPU.Build.0 = Release|Any CPU
	EndGlobalSection
	GlobalSection(SolutionProperties) = preSolution
		HideSolutionNode = FALSE
	EndGlobalSection
	GlobalSection(ExtensibilityGlobals) = postSolution
		SolutionGuid = {474B2E9C-40B5-4BFB-BDD8-F4AE69A0B8D1}
	EndGlobalSection
EndGlobal
