
Microsoft Visual Studio Solution File, Format Version 12.00
# Visual Studio Version 16
VisualStudioVersion = 16.0.31410.357
MinimumVisualStudioVersion = 10.0.40219.1
Project("{9A19103F-16F7-4668-BE54-9A1E7A4F7556}") = "Javasdt.SQL", "Javasdt.SQL.csproj", "{DC4F898A-B229-4EF4-836D-BD866D65FE0F}"
EndProject
Global
	GlobalSection(SolutionConfigurationPlatforms) = preSolution
		Debug|Any CPU = Debug|Any CPU
		Release|Any CPU = Release|Any CPU
	EndGlobalSection
	GlobalSection(ProjectConfigurationPlatforms) = postSolution
		{DC4F898A-B229-4EF4-836D-BD866D65FE0F}.Debug|Any CPU.ActiveCfg = Debug|Any CPU
		{DC4F898A-B229-4EF4-836D-BD866D65FE0F}.Debug|Any CPU.Build.0 = Debug|Any CPU
		{DC4F898A-B229-4EF4-836D-BD866D65FE0F}.Release|Any CPU.ActiveCfg = Release|Any CPU
		{DC4F898A-B229-4EF4-836D-BD866D65FE0F}.Release|Any CPU.Build.0 = Release|Any CPU
	EndGlobalSection
	GlobalSection(SolutionProperties) = preSolution
		HideSolutionNode = FALSE
	EndGlobalSection
	GlobalSection(ExtensibilityGlobals) = postSolution
		SolutionGuid = {0668C0FC-FE3C-483B-824B-BA7E9ACB1E88}
	EndGlobalSection
EndGlobal
